
Microsoft Visual Studio Solution File, Format Version 12.00
# Visual Studio Version 16
VisualStudioVersion = 16.0.30503.244
MinimumVisualStudioVersion = 10.0.40219.1
Project("{FAE04EC0-301F-11D3-BF4B-00C04F79EFBC}") = "Fariha", "Fariha\Fariha.csproj", "{EC10C899-1FC9-4FA4-8085-5FD7D43FB0B3}"
EndProject
Global
	GlobalSection(SolutionConfigurationPlatforms) = preSolution
		Debug|Any CPU = Debug|Any CPU
		Release|Any CPU = Release|Any CPU
	EndGlobalSection
	GlobalSection(ProjectConfigurationPlatforms) = postSolution
		{EC10C899-1FC9-4FA4-8085-5FD7D43FB0B3}.Debug|Any CPU.ActiveCfg = Debug|Any CPU
		{EC10C899-1FC9-4FA4-8085-5FD7D43FB0B3}.Debug|Any CPU.Build.0 = Debug|Any CPU
		{EC10C899-1FC9-4FA4-8085-5FD7D43FB0B3}.Release|Any CPU.ActiveCfg = Release|Any CPU
		{EC10C899-1FC9-4FA4-8085-5FD7D43FB0B3}.Release|Any CPU.Build.0 = Release|Any CPU
	EndGlobalSection
	GlobalSection(SolutionProperties) = preSolution
		HideSolutionNode = FALSE
	EndGlobalSection
	GlobalSection(ExtensibilityGlobals) = postSolution
		SolutionGuid = {95B85090-C4D9-4636-89ED-9D1C2ABC77F6}
	EndGlobalSection
EndGlobal
